
Microsoft Visual Studio Solution File, Format Version 12.00
# Visual Studio Version 17
VisualStudioVersion = 17.9.34728.123
MinimumVisualStudioVersion = 10.0.40219.1
Project("{FAE04EC0-301F-11D3-BF4B-00C04F79EFBC}") = "FlowCinemaMenu", "FlowCinemaMenu\FlowCinemaMenu.csproj", "{B99CDC42-6BD4-4D63-B207-6020C0E323C6}"
EndProject
Global
	GlobalSection(SolutionConfigurationPlatforms) = preSolution
		Debug|Any CPU = Debug|Any CPU
		Release|Any CPU = Release|Any CPU
	EndGlobalSection
	GlobalSection(ProjectConfigurationPlatforms) = postSolution
		{B99CDC42-6BD4-4D63-B207-6020C0E323C6}.Debug|Any CPU.ActiveCfg = Debug|Any CPU
		{B99CDC42-6BD4-4D63-B207-6020C0E323C6}.Debug|Any CPU.Build.0 = Debug|Any CPU
		{B99CDC42-6BD4-4D63-B207-6020C0E323C6}.Release|Any CPU.ActiveCfg = Release|Any CPU
		{B99CDC42-6BD4-4D63-B207-6020C0E323C6}.Release|Any CPU.Build.0 = Release|Any CPU
	EndGlobalSection
	GlobalSection(SolutionProperties) = preSolution
		HideSolutionNode = FALSE
	EndGlobalSection
	GlobalSection(ExtensibilityGlobals) = postSolution
		SolutionGuid = {1870C819-F2AA-42B4-90C8-A4DDA257A2E2}
	EndGlobalSection
EndGlobal
